
Microsoft Visual Studio Solution File, Format Version 12.00
# Visual Studio 15
Project("{FAE04EC0-301F-11D3-BF4B-00C04F79EFBC}") = "Billetautomat", "Billetautomat\Billetautomat.csproj", "{A85A4CFD-4021-4ED9-BC9C-9A32D78B7F89}"
EndProject
Global
	GlobalSection(SolutionConfigurationPlatforms) = preSolution
		Debug|Any CPU = Debug|Any CPU
		Release|Any CPU = Release|Any CPU
	EndGlobalSection
	GlobalSection(ProjectConfigurationPlatforms) = postSolution
		{A85A4CFD-4021-4ED9-BC9C-9A32D78B7F89}.Debug|Any CPU.ActiveCfg = Debug|Any CPU
		{A85A4CFD-4021-4ED9-BC9C-9A32D78B7F89}.Debug|Any CPU.Build.0 = Debug|Any CPU
		{A85A4CFD-4021-4ED9-BC9C-9A32D78B7F89}.Release|Any CPU.ActiveCfg = Release|Any CPU
		{A85A4CFD-4021-4ED9-BC9C-9A32D78B7F89}.Release|Any CPU.Build.0 = Release|Any CPU
	EndGlobalSection
EndGlobal
